
Microsoft Visual Studio Solution File, Format Version 12.00
# Visual Studio Version 16
VisualStudioVersion = 16.0.30523.141
MinimumVisualStudioVersion = 10.0.40219.1
Project("{FAE04EC0-301F-11D3-BF4B-00C04F79EFBC}") = "OOD_Week1", "OOD_Week1\OOD_Week1.csproj", "{4CDAE1E3-7B9F-4CE6-B809-B0CD80CDBF57}"
EndProject
Global
	GlobalSection(SolutionConfigurationPlatforms) = preSolution
		Debug|Any CPU = Debug|Any CPU
		Release|Any CPU = Release|Any CPU
	EndGlobalSection
	GlobalSection(ProjectConfigurationPlatforms) = postSolution
		{4CDAE1E3-7B9F-4CE6-B809-B0CD80CDBF57}.Debug|Any CPU.ActiveCfg = Debug|Any CPU
		{4CDAE1E3-7B9F-4CE6-B809-B0CD80CDBF57}.Debug|Any CPU.Build.0 = Debug|Any CPU
		{4CDAE1E3-7B9F-4CE6-B809-B0CD80CDBF57}.Release|Any CPU.ActiveCfg = Release|Any CPU
		{4CDAE1E3-7B9F-4CE6-B809-B0CD80CDBF57}.Release|Any CPU.Build.0 = Release|Any CPU
	EndGlobalSection
	GlobalSection(SolutionProperties) = preSolution
		HideSolutionNode = FALSE
	EndGlobalSection
	GlobalSection(ExtensibilityGlobals) = postSolution
		SolutionGuid = {73102D23-51F1-455C-BC10-E7F3FB3E4FDC}
	EndGlobalSection
EndGlobal
